{
  "name": "detectpedestrian",
  "version": "1.0.0",
  "lockfileVersion": 1,
  "requires": true,
  "dependencies": {
    "@types/body-parser": {
      "version": "1.17.0",
      "resolved": "https://registry.npmjs.org/@types/body-parser/-/body-parser-1.17.0.tgz",
      "integrity": "sha512-a2+YeUjPkztKJu5aIF2yArYFQQp8d51wZ7DavSHjFuY1mqVgidGyzEQ41JIVNy82fXj8yPgy2vJmfIywgESW6w==",
      "dev": true,
      "requires": {
        "@types/connect": "3.4.32",
        "@types/node": "10.12.18"
      }
    },
    "@types/bson": {
      "version": "1.0.11",
      "resolved": "https://registry.npmjs.org/@types/bson/-/bson-1.0.11.tgz",
      "integrity": "sha512-j+UcCWI+FsbI5/FQP/Kj2CXyplWAz39ktHFkXk84h7dNblKRSoNJs95PZFRd96NQGqsPEPgeclqnznWZr14ZDA==",
      "dev": true,
      "requires": {
        "@types/node": "10.12.18"
      }
    },
    "@types/connect": {
      "version": "3.4.32",
      "resolved": "https://registry.npmjs.org/@types/connect/-/connect-3.4.32.tgz",
      "integrity": "sha512-4r8qa0quOvh7lGD0pre62CAb1oni1OO6ecJLGCezTmhQ8Fz50Arx9RUszryR8KlgK6avuSXvviL6yWyViQABOg==",
      "dev": true,
      "requires": {
        "@types/node": "10.12.18"
      }
    },
    "@types/dotenv": {
      "version": "6.1.0",
      "resolved": "https://registry.npmjs.org/@types/dotenv/-/dotenv-6.1.0.tgz",
      "integrity": "sha512-gmbNb7V1LbJQA4MmH0hVFgqY1cyKsa6RvKC1Xrq0WBnZ0JuuvXKciXx/s8dN0LVXCJd8xO6wIaSFSyUIoGph9g==",
      "dev": true,
      "requires": {
        "@types/node": "10.12.18"
      }
    },
    "@types/express": {
      "version": "4.16.1",
      "resolved": "https://registry.npmjs.org/@types/express/-/express-4.16.1.tgz",
      "integrity": "sha512-V0clmJow23WeyblmACoxbHBu2JKlE5TiIme6Lem14FnPW9gsttyHtk6wq7njcdIWH1njAaFgR8gW09lgY98gQg==",
      "dev": true,
      "requires": {
        "@types/body-parser": "1.17.0",
        "@types/express-serve-static-core": "4.16.1",
        "@types/serve-static": "1.13.2"
      }
    },
    "@types/express-serve-static-core": {
      "version": "4.16.1",
      "resolved": "https://registry.npmjs.org/@types/express-serve-static-core/-/express-serve-static-core-4.16.1.tgz",
      "integrity": "sha512-QgbIMRU1EVRry5cIu1ORCQP4flSYqLM1lS5LYyGWfKnFT3E58f0gKto7BR13clBFVrVZ0G0rbLZ1hUpSkgQQOA==",
      "dev": true,
      "requires": {
        "@types/node": "10.12.18",
        "@types/range-parser": "1.2.3"
      }
    },
    "@types/mime": {
      "version": "2.0.0",
      "resolved": "https://registry.npmjs.org/@types/mime/-/mime-2.0.0.tgz",
      "integrity": "sha512-A2TAGbTFdBw9azHbpVd+/FkdW2T6msN1uct1O9bH3vTerEHKZhTXJUQXy+hNq1B0RagfU8U+KBdqiZpxjhOUQA==",
      "dev": true
    },
    "@types/mongodb": {
      "version": "3.1.19",
      "resolved": "https://registry.npmjs.org/@types/mongodb/-/mongodb-3.1.19.tgz",
      "integrity": "sha512-H54hQEovAhyLrIZOhPNfGyCCDoTqKsjb8GQBy8nptJqfxrYCp5WVcPJf9v0kfTPR72xOhaz9+WcYxOXWwEg1Vg==",
      "dev": true,
      "requires": {
        "@types/bson": "1.0.11",
        "@types/node": "10.12.18"
      }
    },
    "@types/mongoose": {
      "version": "5.3.10",
      "resolved": "https://registry.npmjs.org/@types/mongoose/-/mongoose-5.3.10.tgz",
      "integrity": "sha512-Sl5zbzBtjBMdEldbfiZEuF6p1FQZ+7R9TaFYROpeQzBKW9ZK/Xf0Y+E2mtWSNVM3mMjM/Hzw+20K+j/WV6TenQ==",
      "dev": true,
      "requires": {
        "@types/mongodb": "3.1.19",
        "@types/node": "10.12.18"
      }
    },
    "@types/node": {
      "version": "10.12.18",
      "resolved": "https://registry.npmjs.org/@types/node/-/node-10.12.18.tgz",
      "integrity": "sha512-fh+pAqt4xRzPfqA6eh3Z2y6fyZavRIumvjhaCL753+TVkGKGhpPeyrJG2JftD0T9q4GF00KjefsQ+PQNDdWQaQ==",
      "dev": true
    },
    "@types/range-parser": {
      "version": "1.2.3",
      "resolved": "https://registry.npmjs.org/@types/range-parser/-/range-parser-1.2.3.tgz",
      "integrity": "sha512-ewFXqrQHlFsgc09MK5jP5iR7vumV/BYayNC6PgJO2LPe8vrnNFyjQjSppfEngITi0qvfKtzFvgKymGheFM9UOA==",
      "dev": true
    },
    "@types/serve-static": {
      "version": "1.13.2",
      "resolved": "https://registry.npmjs.org/@types/serve-static/-/serve-static-1.13.2.tgz",
      "integrity": "sha512-/BZ4QRLpH/bNYgZgwhKEh+5AsboDBcUdlBYgzoLX0fpj3Y2gp6EApyOlM3bK53wQS/OE1SrdSYBAbux2D1528Q==",
      "dev": true,
      "requires": {
        "@types/express-serve-static-core": "4.16.1",
        "@types/mime": "2.0.0"
      }
    }
  }
}
